
Microsoft Visual Studio Solution File, Format Version 12.00
# Visual Studio Version 17
VisualStudioVersion = 17.9.34728.123
MinimumVisualStudioVersion = 10.0.40219.1
Project("{FAE04EC0-301F-11D3-BF4B-00C04F79EFBC}") = "ПР6", "ПР6.csproj", "{6DA21987-861B-42F4-839A-16305001DADC}"
EndProject
Global
	GlobalSection(SolutionConfigurationPlatforms) = preSolution
		Debug|Any CPU = Debug|Any CPU
		Release|Any CPU = Release|Any CPU
	EndGlobalSection
	GlobalSection(ProjectConfigurationPlatforms) = postSolution
		{6DA21987-861B-42F4-839A-16305001DADC}.Debug|Any CPU.ActiveCfg = Debug|Any CPU
		{6DA21987-861B-42F4-839A-16305001DADC}.Debug|Any CPU.Build.0 = Debug|Any CPU
		{6DA21987-861B-42F4-839A-16305001DADC}.Release|Any CPU.ActiveCfg = Release|Any CPU
		{6DA21987-861B-42F4-839A-16305001DADC}.Release|Any CPU.Build.0 = Release|Any CPU
	EndGlobalSection
	GlobalSection(SolutionProperties) = preSolution
		HideSolutionNode = FALSE
	EndGlobalSection
	GlobalSection(ExtensibilityGlobals) = postSolution
		SolutionGuid = {6442997B-0C93-4330-9F42-54DE7A15B2E6}
	EndGlobalSection
EndGlobal
